
Microsoft Visual Studio Solution File, Format Version 12.00
# Visual Studio Version 17
VisualStudioVersion = 17.5.33530.505
MinimumVisualStudioVersion = 10.0.40219.1
Project("{9A19103F-16F7-4668-BE54-9A1E7A4F7556}") = "Calculator_In_CSharp", "Calculator_In_CSharp.csproj", "{3693D453-F6B0-4B62-9D91-CF70D43E5280}"
EndProject
Global
	GlobalSection(SolutionConfigurationPlatforms) = preSolution
		Debug|Any CPU = Debug|Any CPU
		Release|Any CPU = Release|Any CPU
	EndGlobalSection
	GlobalSection(ProjectConfigurationPlatforms) = postSolution
		{3693D453-F6B0-4B62-9D91-CF70D43E5280}.Debug|Any CPU.ActiveCfg = Debug|Any CPU
		{3693D453-F6B0-4B62-9D91-CF70D43E5280}.Debug|Any CPU.Build.0 = Debug|Any CPU
		{3693D453-F6B0-4B62-9D91-CF70D43E5280}.Release|Any CPU.ActiveCfg = Release|Any CPU
		{3693D453-F6B0-4B62-9D91-CF70D43E5280}.Release|Any CPU.Build.0 = Release|Any CPU
	EndGlobalSection
	GlobalSection(SolutionProperties) = preSolution
		HideSolutionNode = FALSE
	EndGlobalSection
	GlobalSection(ExtensibilityGlobals) = postSolution
		SolutionGuid = {257CE28A-260F-4EA4-8D35-EB3F4FECBA33}
	EndGlobalSection
EndGlobal
